
Microsoft Visual Studio Solution File, Format Version 12.00
# Visual Studio Version 16
VisualStudioVersion = 16.0.29905.134
MinimumVisualStudioVersion = 10.0.40219.1
Project("{FAE04EC0-301F-11D3-BF4B-00C04F79EFBC}") = "Stashie", "Stashie.csproj", "{EED0427D-D8EB-4EBC-9F6F-4AE49A83963E}"
EndProject
Global
	GlobalSection(SolutionConfigurationPlatforms) = preSolution
		Debug|Any CPU = Debug|Any CPU
		Debug|x64 = Debug|x64
		Release|Any CPU = Release|Any CPU
		Release|x64 = Release|x64
	EndGlobalSection
	GlobalSection(ProjectConfigurationPlatforms) = postSolution
		{EED0427D-D8EB-4EBC-9F6F-4AE49A83963E}.Debug|Any CPU.ActiveCfg = Debug|Any CPU
		{EED0427D-D8EB-4EBC-9F6F-4AE49A83963E}.Debug|Any CPU.Build.0 = Debug|Any CPU
		{EED0427D-D8EB-4EBC-9F6F-4AE49A83963E}.Debug|x64.ActiveCfg = Debug|x64
		{EED0427D-D8EB-4EBC-9F6F-4AE49A83963E}.Debug|x64.Build.0 = Debug|x64
		{EED0427D-D8EB-4EBC-9F6F-4AE49A83963E}.Release|Any CPU.ActiveCfg = Release|Any CPU
		{EED0427D-D8EB-4EBC-9F6F-4AE49A83963E}.Release|Any CPU.Build.0 = Release|Any CPU
		{EED0427D-D8EB-4EBC-9F6F-4AE49A83963E}.Release|x64.ActiveCfg = Release|x64
		{EED0427D-D8EB-4EBC-9F6F-4AE49A83963E}.Release|x64.Build.0 = Release|x64
	EndGlobalSection
	GlobalSection(SolutionProperties) = preSolution
		HideSolutionNode = FALSE
	EndGlobalSection
	GlobalSection(ExtensibilityGlobals) = postSolution
		SolutionGuid = {87A67D68-A0AC-4AC8-8D9D-9E6B06A48686}
	EndGlobalSection
EndGlobal
